<Solution>
  <Folder Name="/Solution Items/">
    <File Path=".editorconfig" />
    <File Path="README.md" />
  </Folder>
  <Project Path="SolutionFix/SolutionFix.csproj">
    <Build Project="false" />
  </Project>
  <Project Path="src/DataIngestionLib/AgentAILib.csproj" />
  <Project Path="src/RAGDataIngestionWPF.Core/AgenticAIWPF.Core.csproj" />
  <Project Path="src/RAGDataIngestionWPF/AgenticAIWPF.csproj" />
  <Project Path="tests/RAGDataIngestionWPF.Tests.MSTest/RAGDataIngestionWPF.Tests.MSTest.csproj">
    <Build Solution="Debug|*" Project="false" />
  </Project>
</Solution>
